// !$*UTF8*$!
{
	archiveVersion = 1;
	classes = {
	};
	objectVersion = 46;
	objects = {

/* Begin PBXBuildFile section */
		348301E219CD18B000ED2270 /* default.png in Resources */ = {isa = PBXBuildFile; fileRef = 348301E119CD18B000ED2270 /* default.png */; };
		34D28B9D19CC12C90005D810 /* Foundation.framework in Frameworks */ = {isa = PBXBuildFile; fileRef = 34D28B9C19CC12C90005D810 /* Foundation.framework */; };
		34D28B9F19CC12C90005D810 /* CoreGraphics.framework in Frameworks */ = {isa = PBXBuildFile; fileRef = 34D28B9E19CC12C90005D810 /* CoreGraphics.framework */; };
		34D28BA119CC12C90005D810 /* UIKit.framework in Frameworks */ = {isa = PBXBuildFile; fileRef = 34D28BA019CC12C90005D810 /* UIKit.framework */; };
		34D28BA719CC12C90005D810 /* InfoPlist.strings in Resources */ = {isa = PBXBuildFile; fileRef = 34D28BA519CC12C90005D810 /* InfoPlist.strings */; };
		34D28BA919CC12C90005D810 /* main.m in Sources */ = {isa = PBXBuildFile; fileRef = 34D28BA819CC12C90005D810 /* main.m */; };
		34D28BAD19CC12C90005D810 /* AppDelegate.m in Sources */ = {isa = PBXBuildFile; fileRef = 34D28BAC19CC12C90005D810 /* AppDelegate.m */; };
		34D28BAF19CC12C90005D810 /* Images.xcassets in Resources */ = {isa = PBXBuildFile; fileRef = 34D28BAE19CC12C90005D810 /* Images.xcassets */; };
		34D28BB619CC12C90005D810 /* XCTest.framework in Frameworks */ = {isa = PBXBuildFile; fileRef = 34D28BB519CC12C90005D810 /* XCTest.framework */; };
		34D28BB719CC12C90005D810 /* Foundation.framework in Frameworks */ = {isa = PBXBuildFile; fileRef = 34D28B9C19CC12C90005D810 /* Foundation.framework */; };
		34D28BB819CC12C90005D810 /* UIKit.framework in Frameworks */ = {isa = PBXBuildFile; fileRef = 34D28BA019CC12C90005D810 /* UIKit.framework */; };
		34D28BC019CC12C90005D810 /* InfoPlist.strings in Resources */ = {isa = PBXBuildFile; fileRef = 34D28BBE19CC12C90005D810 /* InfoPlist.strings */; };
		34D28BC219CC12C90005D810 /* FindFaceTests.m in Sources */ = {isa = PBXBuildFile; fileRef = 34D28BC119CC12C90005D810 /* FindFaceTests.m */; };
		34D28BCD19CC12E10005D810 /* MainView.m in Sources */ = {isa = PBXBuildFile; fileRef = 34D28BCC19CC12E10005D810 /* MainView.m */; };
		34D28BD119CC15370005D810 /* LXActionSheet.m in Sources */ = {isa = PBXBuildFile; fileRef = 34D28BD019CC15370005D810 /* LXActionSheet.m */; settings = {COMPILER_FLAGS = "-fno-objc-arc"; }; };
		34D28BD419CC198C0005D810 /* FaceDetectAppDelegate.m in Sources */ = {isa = PBXBuildFile; fileRef = 34D28BD319CC198C0005D810 /* FaceDetectAppDelegate.m */; settings = {COMPILER_FLAGS = "-fno-objc-arc"; }; };
		34D28BDB19CC20130005D810 /* ian.jpeg in Resources */ = {isa = PBXBuildFile; fileRef = 34D28BD519CC20130005D810 /* ian.jpeg */; };
		34D28BDC19CC20130005D810 /* ian1.png in Resources */ = {isa = PBXBuildFile; fileRef = 34D28BD619CC20130005D810 /* ian1.png */; };
		34D28BDD19CC20130005D810 /* ian2.png in Resources */ = {isa = PBXBuildFile; fileRef = 34D28BD719CC20130005D810 /* ian2.png */; };
		34D28BDE19CC20130005D810 /* img1.jpeg in Resources */ = {isa = PBXBuildFile; fileRef = 34D28BD819CC20130005D810 /* img1.jpeg */; };
		34D28BDF19CC20130005D810 /* img3.png in Resources */ = {isa = PBXBuildFile; fileRef = 34D28BD919CC20130005D810 /* img3.png */; };
		34D28BE019CC20130005D810 /* img5.png in Resources */ = {isa = PBXBuildFile; fileRef = 34D28BDA19CC20130005D810 /* img5.png */; };
		34D28BE219CC246D0005D810 /* CoreImage.framework in Frameworks */ = {isa = PBXBuildFile; fileRef = 34D28BE119CC246D0005D810 /* CoreImage.framework */; };
/* End PBXBuildFile section */

/* Begin PBXContainerItemProxy section */
		34D28BB919CC12C90005D810 /* PBXContainerItemProxy */ = {
			isa = PBXContainerItemProxy;
			containerPortal = 34D28B9119CC12C90005D810 /* Project object */;
			proxyType = 1;
			remoteGlobalIDString = 34D28B9819CC12C90005D810;
			remoteInfo = FindFace;
		};
/* End PBXContainerItemProxy section */

/* Begin PBXFileReference section */
		348301E119CD18B000ED2270 /* default.png */ = {isa = PBXFileReference; lastKnownFileType = image.png; path = default.png; sourceTree = "<group>"; };
		34D28B9919CC12C90005D810 /* FindFace.app */ = {isa = PBXFileReference; explicitFileType = wrapper.application; includeInIndex = 0; path = FindFace.app; sourceTree = BUILT_PRODUCTS_DIR; };
		34D28B9C19CC12C90005D810 /* Foundation.framework */ = {isa = PBXFileReference; lastKnownFileType = wrapper.framework; name = Foundation.framework; path = System/Library/Frameworks/Foundation.framework; sourceTree = SDKROOT; };
		34D28B9E19CC12C90005D810 /* CoreGraphics.framework */ = {isa = PBXFileReference; lastKnownFileType = wrapper.framework; name = CoreGraphics.framework; path = System/Library/Frameworks/CoreGraphics.framework; sourceTree = SDKROOT; };
		34D28BA019CC12C90005D810 /* UIKit.framework */ = {isa = PBXFileReference; lastKnownFileType = wrapper.framework; name = UIKit.framework; path = System/Library/Frameworks/UIKit.framework; sourceTree = SDKROOT; };
		34D28BA419CC12C90005D810 /* FindFace-Info.plist */ = {isa = PBXFileReference; lastKnownFileType = text.plist.xml; path = "FindFace-Info.plist"; sourceTree = "<group>"; };
		34D28BA619CC12C90005D810 /* en */ = {isa = PBXFileReference; lastKnownFileType = text.plist.strings; name = en; path = en.lproj/InfoPlist.strings; sourceTree = "<group>"; };
		34D28BA819CC12C90005D810 /* main.m */ = {isa = PBXFileReference; lastKnownFileType = sourcecode.c.objc; path = main.m; sourceTree = "<group>"; };
		34D28BAA19CC12C90005D810 /* FindFace-Prefix.pch */ = {isa = PBXFileReference; lastKnownFileType = sourcecode.c.h; path = "FindFace-Prefix.pch"; sourceTree = "<group>"; };
		34D28BAB19CC12C90005D810 /* AppDelegate.h */ = {isa = PBXFileReference; lastKnownFileType = sourcecode.c.h; path = AppDelegate.h; sourceTree = "<group>"; };
		34D28BAC19CC12C90005D810 /* AppDelegate.m */ = {isa = PBXFileReference; lastKnownFileType = sourcecode.c.objc; path = AppDelegate.m; sourceTree = "<group>"; };
		34D28BAE19CC12C90005D810 /* Images.xcassets */ = {isa = PBXFileReference; lastKnownFileType = folder.assetcatalog; path = Images.xcassets; sourceTree = "<group>"; };
		34D28BB419CC12C90005D810 /* FindFaceTests.xctest */ = {isa = PBXFileReference; explicitFileType = wrapper.cfbundle; includeInIndex = 0; path = FindFaceTests.xctest; sourceTree = BUILT_PRODUCTS_DIR; };
		34D28BB519CC12C90005D810 /* XCTest.framework */ = {isa = PBXFileReference; lastKnownFileType = wrapper.framework; name = XCTest.framework; path = Library/Frameworks/XCTest.framework; sourceTree = DEVELOPER_DIR; };
		34D28BBD19CC12C90005D810 /* FindFaceTests-Info.plist */ = {isa = PBXFileReference; lastKnownFileType = text.plist.xml; path = "FindFaceTests-Info.plist"; sourceTree = "<group>"; };
		34D28BBF19CC12C90005D810 /* en */ = {isa = PBXFileReference; lastKnownFileType = text.plist.strings; name = en; path = en.lproj/InfoPlist.strings; sourceTree = "<group>"; };
		34D28BC119CC12C90005D810 /* FindFaceTests.m */ = {isa = PBXFileReference; lastKnownFileType = sourcecode.c.objc; path = FindFaceTests.m; sourceTree = "<group>"; };
		34D28BCB19CC12E10005D810 /* MainView.h */ = {isa = PBXFileReference; fileEncoding = 4; lastKnownFileType = sourcecode.c.h; path = MainView.h; sourceTree = "<group>"; };
		34D28BCC19CC12E10005D810 /* MainView.m */ = {isa = PBXFileReference; fileEncoding = 4; lastKnownFileType = sourcecode.c.objc; path = MainView.m; sourceTree = "<group>"; };
		34D28BCF19CC15370005D810 /* LXActionSheet.h */ = {isa = PBXFileReference; fileEncoding = 4; lastKnownFileType = sourcecode.c.h; path = LXActionSheet.h; sourceTree = "<group>"; };
		34D28BD019CC15370005D810 /* LXActionSheet.m */ = {isa = PBXFileReference; fileEncoding = 4; lastKnownFileType = sourcecode.c.objc; path = LXActionSheet.m; sourceTree = "<group>"; };
		34D28BD219CC198C0005D810 /* FaceDetectAppDelegate.h */ = {isa = PBXFileReference; fileEncoding = 4; lastKnownFileType = sourcecode.c.h; path = FaceDetectAppDelegate.h; sourceTree = "<group>"; };
		34D28BD319CC198C0005D810 /* FaceDetectAppDelegate.m */ = {isa = PBXFileReference; fileEncoding = 4; lastKnownFileType = sourcecode.c.objc; path = FaceDetectAppDelegate.m; sourceTree = "<group>"; };
		34D28BD519CC20130005D810 /* ian.jpeg */ = {isa = PBXFileReference; lastKnownFileType = image.jpeg; path = ian.jpeg; sourceTree = "<group>"; };
		34D28BD619CC20130005D810 /* ian1.png */ = {isa = PBXFileReference; lastKnownFileType = image.png; path = ian1.png; sourceTree = "<group>"; };
		34D28BD719CC20130005D810 /* ian2.png */ = {isa = PBXFileReference; lastKnownFileType = image.png; path = ian2.png; sourceTree = "<group>"; };
		34D28BD819CC20130005D810 /* img1.jpeg */ = {isa = PBXFileReference; lastKnownFileType = image.jpeg; path = img1.jpeg; sourceTree = "<group>"; };
		34D28BD919CC20130005D810 /* img3.png */ = {isa = PBXFileReference; lastKnownFileType = image.png; path = img3.png; sourceTree = "<group>"; };
		34D28BDA19CC20130005D810 /* img5.png */ = {isa = PBXFileReference; lastKnownFileType = image.png; path = img5.png; sourceTree = "<group>"; };
		34D28BE119CC246D0005D810 /* CoreImage.framework */ = {isa = PBXFileReference; lastKnownFileType = wrapper.framework; name = CoreImage.framework; path = System/Library/Frameworks/CoreImage.framework; sourceTree = SDKROOT; };
/* End PBXFileReference section */

/* Begin PBXFrameworksBuildPhase section */
		34D28B9619CC12C90005D810 /* Frameworks */ = {
			isa = PBXFrameworksBuildPhase;
			buildActionMask = 2147483647;
			files = (
				34D28BE219CC246D0005D810 /* CoreImage.framework in Frameworks */,
				34D28B9F19CC12C90005D810 /* CoreGraphics.framework in Frameworks */,
				34D28BA119CC12C90005D810 /* UIKit.framework in Frameworks */,
				34D28B9D19CC12C90005D810 /* Foundation.framework in Frameworks */,
			);
			runOnlyForDeploymentPostprocessing = 0;
		};
		34D28BB119CC12C90005D810 /* Frameworks */ = {
			isa = PBXFrameworksBuildPhase;
			buildActionMask = 2147483647;
			files = (
				34D28BB619CC12C90005D810 /* XCTest.framework in Frameworks */,
				34D28BB819CC12C90005D810 /* UIKit.framework in Frameworks */,
				34D28BB719CC12C90005D810 /* Foundation.framework in Frameworks */,
			);
			runOnlyForDeploymentPostprocessing = 0;
		};
/* End PBXFrameworksBuildPhase section */

/* Begin PBXGroup section */
		34D28B9019CC12C90005D810 = {
			isa = PBXGroup;
			children = (
				34D28BA219CC12C90005D810 /* FindFace */,
				34D28BBB19CC12C90005D810 /* FindFaceTests */,
				34D28B9B19CC12C90005D810 /* Frameworks */,
				34D28B9A19CC12C90005D810 /* Products */,
			);
			sourceTree = "<group>";
		};
		34D28B9A19CC12C90005D810 /* Products */ = {
			isa = PBXGroup;
			children = (
				34D28B9919CC12C90005D810 /* FindFace.app */,
				34D28BB419CC12C90005D810 /* FindFaceTests.xctest */,
			);
			name = Products;
			sourceTree = "<group>";
		};
		34D28B9B19CC12C90005D810 /* Frameworks */ = {
			isa = PBXGroup;
			children = (
				34D28BE119CC246D0005D810 /* CoreImage.framework */,
				34D28B9C19CC12C90005D810 /* Foundation.framework */,
				34D28B9E19CC12C90005D810 /* CoreGraphics.framework */,
				34D28BA019CC12C90005D810 /* UIKit.framework */,
				34D28BB519CC12C90005D810 /* XCTest.framework */,
			);
			name = Frameworks;
			sourceTree = "<group>";
		};
		34D28BA219CC12C90005D810 /* FindFace */ = {
			isa = PBXGroup;
			children = (
				34D28BCE19CC151C0005D810 /* tools */,
				34D28BAB19CC12C90005D810 /* AppDelegate.h */,
				34D28BAC19CC12C90005D810 /* AppDelegate.m */,
				34D28BAE19CC12C90005D810 /* Images.xcassets */,
				34D28BA319CC12C90005D810 /* Supporting Files */,
				34D28BCB19CC12E10005D810 /* MainView.h */,
				34D28BCC19CC12E10005D810 /* MainView.m */,
			);
			path = FindFace;
			sourceTree = "<group>";
		};
		34D28BA319CC12C90005D810 /* Supporting Files */ = {
			isa = PBXGroup;
			children = (
				348301E119CD18B000ED2270 /* default.png */,
				34D28BD519CC20130005D810 /* ian.jpeg */,
				34D28BD619CC20130005D810 /* ian1.png */,
				34D28BD719CC20130005D810 /* ian2.png */,
				34D28BD819CC20130005D810 /* img1.jpeg */,
				34D28BD919CC20130005D810 /* img3.png */,
				34D28BDA19CC20130005D810 /* img5.png */,
				34D28BA419CC12C90005D810 /* FindFace-Info.plist */,
				34D28BA519CC12C90005D810 /* InfoPlist.strings */,
				34D28BA819CC12C90005D810 /* main.m */,
				34D28BAA19CC12C90005D810 /* FindFace-Prefix.pch */,
			);
			name = "Supporting Files";
			sourceTree = "<group>";
		};
		34D28BBB19CC12C90005D810 /* FindFaceTests */ = {
			isa = PBXGroup;
			children = (
				34D28BC119CC12C90005D810 /* FindFaceTests.m */,
				34D28BBC19CC12C90005D810 /* Supporting Files */,
			);
			path = FindFaceTests;
			sourceTree = "<group>";
		};
		34D28BBC19CC12C90005D810 /* Supporting Files */ = {
			isa = PBXGroup;
			children = (
				34D28BBD19CC12C90005D810 /* FindFaceTests-Info.plist */,
				34D28BBE19CC12C90005D810 /* InfoPlist.strings */,
			);
			name = "Supporting Files";
			sourceTree = "<group>";
		};
		34D28BCE19CC151C0005D810 /* tools */ = {
			isa = PBXGroup;
			children = (
				34D28BD219CC198C0005D810 /* FaceDetectAppDelegate.h */,
				34D28BD319CC198C0005D810 /* FaceDetectAppDelegate.m */,
				34D28BCF19CC15370005D810 /* LXActionSheet.h */,
				34D28BD019CC15370005D810 /* LXActionSheet.m */,
			);
			name = tools;
			sourceTree = "<group>";
		};
/* End PBXGroup section */

/* Begin PBXNativeTarget section */
		34D28B9819CC12C90005D810 /* FindFace */ = {
			isa = PBXNativeTarget;
			buildConfigurationList = 34D28BC519CC12C90005D810 /* Build configuration list for PBXNativeTarget "FindFace" */;
			buildPhases = (
				34D28B9519CC12C90005D810 /* Sources */,
				34D28B9619CC12C90005D810 /* Frameworks */,
				34D28B9719CC12C90005D810 /* Resources */,
			);
			buildRules = (
			);
			dependencies = (
			);
			name = FindFace;
			productName = FindFace;
			productReference = 34D28B9919CC12C90005D810 /* FindFace.app */;
			productType = "com.apple.product-type.application";
		};
		34D28BB319CC12C90005D810 /* FindFaceTests */ = {
			isa = PBXNativeTarget;
			buildConfigurationList = 34D28BC819CC12C90005D810 /* Build configuration list for PBXNativeTarget "FindFaceTests" */;
			buildPhases = (
				34D28BB019CC12C90005D810 /* Sources */,
				34D28BB119CC12C90005D810 /* Frameworks */,
				34D28BB219CC12C90005D810 /* Resources */,
			);
			buildRules = (
			);
			dependencies = (
				34D28BBA19CC12C90005D810 /* PBXTargetDependency */,
			);
			name = FindFaceTests;
			productName = FindFaceTests;
			productReference = 34D28BB419CC12C90005D810 /* FindFaceTests.xctest */;
			productType = "com.apple.product-type.bundle.unit-test";
		};
/* End PBXNativeTarget section */

/* Begin PBXProject section */
		34D28B9119CC12C90005D810 /* Project object */ = {
			isa = PBXProject;
			attributes = {
				LastUpgradeCheck = 0510;
				ORGANIZATIONNAME = "___FULLUSERNAME___";
				TargetAttributes = {
					34D28BB319CC12C90005D810 = {
						TestTargetID = 34D28B9819CC12C90005D810;
					};
				};
			};
			buildConfigurationList = 34D28B9419CC12C90005D810 /* Build configuration list for PBXProject "FindFace" */;
			compatibilityVersion = "Xcode 3.2";
			developmentRegion = English;
			hasScannedForEncodings = 0;
			knownRegions = (
				en,
			);
			mainGroup = 34D28B9019CC12C90005D810;
			productRefGroup = 34D28B9A19CC12C90005D810 /* Products */;
			projectDirPath = "";
			projectRoot = "";
			targets = (
				34D28B9819CC12C90005D810 /* FindFace */,
				34D28BB319CC12C90005D810 /* FindFaceTests */,
			);
		};
/* End PBXProject section */

/* Begin PBXResourcesBuildPhase section */
		34D28B9719CC12C90005D810 /* Resources */ = {
			isa = PBXResourcesBuildPhase;
			buildActionMask = 2147483647;
			files = (
				34D28BDC19CC20130005D810 /* ian1.png in Resources */,
				34D28BDD19CC20130005D810 /* ian2.png in Resources */,
				34D28BA719CC12C90005D810 /* InfoPlist.strings in Resources */,
				34D28BDF19CC20130005D810 /* img3.png in Resources */,
				34D28BAF19CC12C90005D810 /* Images.xcassets in Resources */,
				34D28BE019CC20130005D810 /* img5.png in Resources */,
				34D28BDB19CC20130005D810 /* ian.jpeg in Resources */,
				34D28BDE19CC20130005D810 /* img1.jpeg in Resources */,
				348301E219CD18B000ED2270 /* default.png in Resources */,
			);
			runOnlyForDeploymentPostprocessing = 0;
		};
		34D28BB219CC12C90005D810 /* Resources */ = {
			isa = PBXResourcesBuildPhase;
			buildActionMask = 2147483647;
			files = (
				34D28BC019CC12C90005D810 /* InfoPlist.strings in Resources */,
			);
			runOnlyForDeploymentPostprocessing = 0;
		};
/* End PBXResourcesBuildPhase section */

/* Begin PBXSourcesBuildPhase section */
		34D28B9519CC12C90005D810 /* Sources */ = {
			isa = PBXSourcesBuildPhase;
			buildActionMask = 2147483647;
			files = (
				34D28BAD19CC12C90005D810 /* AppDelegate.m in Sources */,
				34D28BD419CC198C0005D810 /* FaceDetectAppDelegate.m in Sources */,
				34D28BD119CC15370005D810 /* LXActionSheet.m in Sources */,
				34D28BA919CC12C90005D810 /* main.m in Sources */,
				34D28BCD19CC12E10005D810 /* MainView.m in Sources */,
			);
			runOnlyForDeploymentPostprocessing = 0;
		};
		34D28BB019CC12C90005D810 /* Sources */ = {
			isa = PBXSourcesBuildPhase;
			buildActionMask = 2147483647;
			files = (
				34D28BC219CC12C90005D810 /* FindFaceTests.m in Sources */,
			);
			runOnlyForDeploymentPostprocessing = 0;
		};
/* End PBXSourcesBuildPhase section */

/* Begin PBXTargetDependency section */
		34D28BBA19CC12C90005D810 /* PBXTargetDependency */ = {
			isa = PBXTargetDependency;
			target = 34D28B9819CC12C90005D810 /* FindFace */;
			targetProxy = 34D28BB919CC12C90005D810 /* PBXContainerItemProxy */;
		};
/* End PBXTargetDependency section */

/* Begin PBXVariantGroup section */
		34D28BA519CC12C90005D810 /* InfoPlist.strings */ = {
			isa = PBXVariantGroup;
			children = (
				34D28BA619CC12C90005D810 /* en */,
			);
			name = InfoPlist.strings;
			sourceTree = "<group>";
		};
		34D28BBE19CC12C90005D810 /* InfoPlist.strings */ = {
			isa = PBXVariantGroup;
			children = (
				34D28BBF19CC12C90005D810 /* en */,
			);
			name = InfoPlist.strings;
			sourceTree = "<group>";
		};
/* End PBXVariantGroup section */

/* Begin XCBuildConfiguration section */
		34D28BC319CC12C90005D810 /* Debug */ = {
			isa = XCBuildConfiguration;
			buildSettings = {
				ALWAYS_SEARCH_USER_PATHS = NO;
				CLANG_CXX_LANGUAGE_STANDARD = "gnu++0x";
				CLANG_CXX_LIBRARY = "libc++";
				CLANG_ENABLE_MODULES = YES;
				CLANG_ENABLE_OBJC_ARC = YES;
				CLANG_WARN_BOOL_CONVERSION = YES;
				CLANG_WARN_CONSTANT_CONVERSION = YES;
				CLANG_WARN_DIRECT_OBJC_ISA_USAGE = YES_ERROR;
				CLANG_WARN_EMPTY_BODY = YES;
				CLANG_WARN_ENUM_CONVERSION = YES;
				CLANG_WARN_INT_CONVERSION = YES;
				CLANG_WARN_OBJC_ROOT_CLASS = YES_ERROR;
				CLANG_WARN__DUPLICATE_METHOD_MATCH = YES;
				"CODE_SIGN_IDENTITY[sdk=iphoneos*]" = "iPhone Developer";
				COPY_PHASE_STRIP = NO;
				GCC_C_LANGUAGE_STANDARD = gnu99;
				GCC_DYNAMIC_NO_PIC = NO;
				GCC_OPTIMIZATION_LEVEL = 0;
				GCC_PREPROCESSOR_DEFINITIONS = (
					"DEBUG=1",
					"$(inherited)",
				);
				GCC_SYMBOLS_PRIVATE_EXTERN = NO;
				GCC_WARN_64_TO_32_BIT_CONVERSION = YES;
				GCC_WARN_ABOUT_RETURN_TYPE = YES_ERROR;
				GCC_WARN_UNDECLARED_SELECTOR = YES;
				GCC_WARN_UNINITIALIZED_AUTOS = YES_AGGRESSIVE;
				GCC_WARN_UNUSED_FUNCTION = YES;
				GCC_WARN_UNUSED_VARIABLE = YES;
				IPHONEOS_DEPLOYMENT_TARGET = 7.1;
				ONLY_ACTIVE_ARCH = YES;
				SDKROOT = iphoneos;
				TARGETED_DEVICE_FAMILY = "1,2";
			};
			name = Debug;
		};
		34D28BC419CC12C90005D810 /* Release */ = {
			isa = XCBuildConfiguration;
			buildSettings = {
				ALWAYS_SEARCH_USER_PATHS = NO;
				CLANG_CXX_LANGUAGE_STANDARD = "gnu++0x";
				CLANG_CXX_LIBRARY = "libc++";
				CLANG_ENABLE_MODULES = YES;
				CLANG_ENABLE_OBJC_ARC = YES;
				CLANG_WARN_BOOL_CONVERSION = YES;
				CLANG_WARN_CONSTANT_CONVERSION = YES;
				CLANG_WARN_DIRECT_OBJC_ISA_USAGE = YES_ERROR;
				CLANG_WARN_EMPTY_BODY = YES;
				CLANG_WARN_ENUM_CONVERSION = YES;
				CLANG_WARN_INT_CONVERSION = YES;
				CLANG_WARN_OBJC_ROOT_CLASS = YES_ERROR;
				CLANG_WARN__DUPLICATE_METHOD_MATCH = YES;
				"CODE_SIGN_IDENTITY[sdk=iphoneos*]" = "iPhone Developer";
				COPY_PHASE_STRIP = YES;
				ENABLE_NS_ASSERTIONS = NO;
				GCC_C_LANGUAGE_STANDARD = gnu99;
				GCC_WARN_64_TO_32_BIT_CONVERSION = YES;
				GCC_WARN_ABOUT_RETURN_TYPE = YES_ERROR;
				GCC_WARN_UNDECLARED_SELECTOR = YES;
				GCC_WARN_UNINITIALIZED_AUTOS = YES_AGGRESSIVE;
				GCC_WARN_UNUSED_FUNCTION = YES;
				GCC_WARN_UNUSED_VARIABLE = YES;
				IPHONEOS_DEPLOYMENT_TARGET = 7.1;
				SDKROOT = iphoneos;
				TARGETED_DEVICE_FAMILY = "1,2";
				VALIDATE_PRODUCT = YES;
			};
			name = Release;
		};
		34D28BC619CC12C90005D810 /* Debug */ = {
			isa = XCBuildConfiguration;
			buildSettings = {
				ASSETCATALOG_COMPILER_APPICON_NAME = AppIcon;
				ASSETCATALOG_COMPILER_LAUNCHIMAGE_NAME = LaunchImage;
				GCC_PRECOMPILE_PREFIX_HEADER = YES;
				GCC_PREFIX_HEADER = "FindFace/FindFace-Prefix.pch";
				INFOPLIST_FILE = "FindFace/FindFace-Info.plist";
				PRODUCT_NAME = "$(TARGET_NAME)";
				WRAPPER_EXTENSION = app;
			};
			name = Debug;
		};
		34D28BC719CC12C90005D810 /* Release */ = {
			isa = XCBuildConfiguration;
			buildSettings = {
				ASSETCATALOG_COMPILER_APPICON_NAME = AppIcon;
				ASSETCATALOG_COMPILER_LAUNCHIMAGE_NAME = LaunchImage;
				GCC_PRECOMPILE_PREFIX_HEADER = YES;
				GCC_PREFIX_HEADER = "FindFace/FindFace-Prefix.pch";
				INFOPLIST_FILE = "FindFace/FindFace-Info.plist";
				PRODUCT_NAME = "$(TARGET_NAME)";
				WRAPPER_EXTENSION = app;
			};
			name = Release;
		};
		34D28BC919CC12C90005D810 /* Debug */ = {
			isa = XCBuildConfiguration;
			buildSettings = {
				BUNDLE_LOADER = "$(BUILT_PRODUCTS_DIR)/FindFace.app/FindFace";
				FRAMEWORK_SEARCH_PATHS = (
					"$(SDKROOT)/Developer/Library/Frameworks",
					"$(inherited)",
					"$(DEVELOPER_FRAMEWORKS_DIR)",
				);
				GCC_PRECOMPILE_PREFIX_HEADER = YES;
				GCC_PREFIX_HEADER = "FindFace/FindFace-Prefix.pch";
				GCC_PREPROCESSOR_DEFINITIONS = (
					"DEBUG=1",
					"$(inherited)",
				);
				INFOPLIST_FILE = "FindFaceTests/FindFaceTests-Info.plist";
				PRODUCT_NAME = "$(TARGET_NAME)";
				TEST_HOST = "$(BUNDLE_LOADER)";
				WRAPPER_EXTENSION = xctest;
			};
			name = Debug;
		};
		34D28BCA19CC12C90005D810 /* Release */ = {
			isa = XCBuildConfiguration;
			buildSettings = {
				BUNDLE_LOADER = "$(BUILT_PRODUCTS_DIR)/FindFace.app/FindFace";
				FRAMEWORK_SEARCH_PATHS = (
					"$(SDKROOT)/Developer/Library/Frameworks",
					"$(inherited)",
					"$(DEVELOPER_FRAMEWORKS_DIR)",
				);
				GCC_PRECOMPILE_PREFIX_HEADER = YES;
				GCC_PREFIX_HEADER = "FindFace/FindFace-Prefix.pch";
				INFOPLIST_FILE = "FindFaceTests/FindFaceTests-Info.plist";
				PRODUCT_NAME = "$(TARGET_NAME)";
				TEST_HOST = "$(BUNDLE_LOADER)";
				WRAPPER_EXTENSION = xctest;
			};
			name = Release;
		};
/* End XCBuildConfiguration section */

/* Begin XCConfigurationList section */
		34D28B9419CC12C90005D810 /* Build configuration list for PBXProject "FindFace" */ = {
			isa = XCConfigurationList;
			buildConfigurations = (
				34D28BC319CC12C90005D810 /* Debug */,
				34D28BC419CC12C90005D810 /* Release */,
			);
			defaultConfigurationIsVisible = 0;
			defaultConfigurationName = Release;
		};
		34D28BC519CC12C90005D810 /* Build configuration list for PBXNativeTarget "FindFace" */ = {
			isa = XCConfigurationList;
			buildConfigurations = (
				34D28BC619CC12C90005D810 /* Debug */,
				34D28BC719CC12C90005D810 /* Release */,
			);
			defaultConfigurationIsVisible = 0;
			defaultConfigurationName = Release;
		};
		34D28BC819CC12C90005D810 /* Build configuration list for PBXNativeTarget "FindFaceTests" */ = {
			isa = XCConfigurationList;
			buildConfigurations = (
				34D28BC919CC12C90005D810 /* Debug */,
				34D28BCA19CC12C90005D810 /* Release */,
			);
			defaultConfigurationIsVisible = 0;
			defaultConfigurationName = Release;
		};
/* End XCConfigurationList section */
	};
	rootObject = 34D28B9119CC12C90005D810 /* Project object */;
}
